
Microsoft Visual Studio Solution File, Format Version 12.00
# Visual Studio 14
VisualStudioVersion = 14.0.25420.1
MinimumVisualStudioVersion = 10.0.40219.1
Project("{FAE04EC0-301F-11D3-BF4B-00C04F79EFBC}") = "TestProject", "TestProject\TestProject.csproj", "{1E28F7CC-6FA1-4EA2-BE39-6FF6A3FF84AF}"
EndProject
Project("{2150E333-8FDC-42A3-9474-1A3956D46DE8}") = "Solution Items", "Solution Items", "{583D72E8-D8F8-4324-A2E8-08DF0A47D78A}"
	ProjectSection(SolutionItems) = preProject
		Local.testsettings = Local.testsettings
	EndProjectSection
EndProject
Project("{FAE04EC0-301F-11D3-BF4B-00C04F79EFBC}") = "动态规划法解兔子问题", "动态规划法解兔子问题\动态规划法解兔子问题\动态规划法解兔子问题.csproj", "{D4C3FA0C-A0D5-44BC-B0AF-DA066D466772}"
EndProject
Project("{FAE04EC0-301F-11D3-BF4B-00C04F79EFBC}") = "分支限界法解背包问题", "分支限界法解背包问题\分支限界法解背包问题\分支限界法解背包问题.csproj", "{357A036C-5622-4821-B7C9-E90896319D4F}"
EndProject
Project("{FAE04EC0-301F-11D3-BF4B-00C04F79EFBC}") = "汉诺塔", "汉诺塔\汉诺塔\汉诺塔.csproj", "{BDEBF126-7B8A-45E6-BB8C-E3FD74E67A43}"
EndProject
Project("{FAE04EC0-301F-11D3-BF4B-00C04F79EFBC}") = "贪心算法", "贪心算法\贪心算法\贪心算法.csproj", "{1576B08D-E6F9-45FA-913C-CF26D8E4ADF9}"
EndProject
Project("{FAE04EC0-301F-11D3-BF4B-00C04F79EFBC}") = "WebApplication", "WebApplication\WebApplication.csproj", "{29700433-5279-4DBA-82C2-93779B12E388}"
EndProject
Project("{FAE04EC0-301F-11D3-BF4B-00C04F79EFBC}") = "WindowsFormsApplication1", "WindowsFormsApplication1\WindowsFormsApplication1.csproj", "{614B374B-B614-4F4D-B330-3C2EDBF209B8}"
EndProject
Project("{FAE04EC0-301F-11D3-BF4B-00C04F79EFBC}") = "Models", "Models\Models.csproj", "{627898BD-7B70-40E4-980B-CE371A3231E5}"
EndProject
Project("{F088123C-0E9E-452A-89E6-6BA2F21D5CAC}") = "ModelingProject1", "ModelingProject1\ModelingProject1.modelproj", "{F9B1976A-4D65-4066-AA14-6B562B4E3F7C}"
EndProject
Project("{2150E333-8FDC-42A3-9474-1A3956D46DE8}") = "DataStructureAndAlgorithm", "DataStructureAndAlgorithm", "{26D97F1C-CD16-437F-8B3D-8A64B00FDBCF}"
EndProject
Project("{FAE04EC0-301F-11D3-BF4B-00C04F79EFBC}") = "Stack", "Stack\Stack.csproj", "{5F32D4DB-C3CB-495C-85CE-47546251B4F7}"
EndProject
Project("{FAE04EC0-301F-11D3-BF4B-00C04F79EFBC}") = "Link", "Link\Link.csproj", "{4DAA61DA-1739-4CF5-B92C-7CB3787D1453}"
EndProject
Project("{FAE04EC0-301F-11D3-BF4B-00C04F79EFBC}") = "Queue", "Queue\Queue.csproj", "{06C98840-D237-46AD-8B99-60139D9C157E}"
EndProject
Project("{FAE04EC0-301F-11D3-BF4B-00C04F79EFBC}") = "Tree", "Tree\Tree.csproj", "{E849B317-674A-4C28-99FF-2860F7CC726F}"
EndProject
Project("{FAE04EC0-301F-11D3-BF4B-00C04F79EFBC}") = "B-tree", "B-tree\B-tree.csproj", "{BD62D546-7601-4857-9680-88A7DF6C9772}"
EndProject
Project("{FAE04EC0-301F-11D3-BF4B-00C04F79EFBC}") = "BTree", "BTree\BTree.csproj", "{1F6AA509-F5A4-4FF3-92E6-992D7D5CEFA0}"
EndProject
Global
	GlobalSection(SolutionConfigurationPlatforms) = preSolution
		Debug|Any CPU = Debug|Any CPU
		Release|Any CPU = Release|Any CPU
	EndGlobalSection
	GlobalSection(ProjectConfigurationPlatforms) = postSolution
		{1E28F7CC-6FA1-4EA2-BE39-6FF6A3FF84AF}.Debug|Any CPU.ActiveCfg = Debug|Any CPU
		{1E28F7CC-6FA1-4EA2-BE39-6FF6A3FF84AF}.Debug|Any CPU.Build.0 = Debug|Any CPU
		{1E28F7CC-6FA1-4EA2-BE39-6FF6A3FF84AF}.Release|Any CPU.ActiveCfg = Release|Any CPU
		{1E28F7CC-6FA1-4EA2-BE39-6FF6A3FF84AF}.Release|Any CPU.Build.0 = Release|Any CPU
		{D4C3FA0C-A0D5-44BC-B0AF-DA066D466772}.Debug|Any CPU.ActiveCfg = Debug|Any CPU
		{D4C3FA0C-A0D5-44BC-B0AF-DA066D466772}.Debug|Any CPU.Build.0 = Debug|Any CPU
		{D4C3FA0C-A0D5-44BC-B0AF-DA066D466772}.Release|Any CPU.ActiveCfg = Release|Any CPU
		{D4C3FA0C-A0D5-44BC-B0AF-DA066D466772}.Release|Any CPU.Build.0 = Release|Any CPU
		{357A036C-5622-4821-B7C9-E90896319D4F}.Debug|Any CPU.ActiveCfg = Debug|Any CPU
		{357A036C-5622-4821-B7C9-E90896319D4F}.Debug|Any CPU.Build.0 = Debug|Any CPU
		{357A036C-5622-4821-B7C9-E90896319D4F}.Release|Any CPU.ActiveCfg = Release|Any CPU
		{357A036C-5622-4821-B7C9-E90896319D4F}.Release|Any CPU.Build.0 = Release|Any CPU
		{BDEBF126-7B8A-45E6-BB8C-E3FD74E67A43}.Debug|Any CPU.ActiveCfg = Debug|Any CPU
		{BDEBF126-7B8A-45E6-BB8C-E3FD74E67A43}.Debug|Any CPU.Build.0 = Debug|Any CPU
		{BDEBF126-7B8A-45E6-BB8C-E3FD74E67A43}.Release|Any CPU.ActiveCfg = Release|Any CPU
		{BDEBF126-7B8A-45E6-BB8C-E3FD74E67A43}.Release|Any CPU.Build.0 = Release|Any CPU
		{1576B08D-E6F9-45FA-913C-CF26D8E4ADF9}.Debug|Any CPU.ActiveCfg = Debug|Any CPU
		{1576B08D-E6F9-45FA-913C-CF26D8E4ADF9}.Debug|Any CPU.Build.0 = Debug|Any CPU
		{1576B08D-E6F9-45FA-913C-CF26D8E4ADF9}.Release|Any CPU.ActiveCfg = Release|Any CPU
		{1576B08D-E6F9-45FA-913C-CF26D8E4ADF9}.Release|Any CPU.Build.0 = Release|Any CPU
		{29700433-5279-4DBA-82C2-93779B12E388}.Debug|Any CPU.ActiveCfg = Debug|Any CPU
		{29700433-5279-4DBA-82C2-93779B12E388}.Debug|Any CPU.Build.0 = Debug|Any CPU
		{29700433-5279-4DBA-82C2-93779B12E388}.Release|Any CPU.ActiveCfg = Release|Any CPU
		{29700433-5279-4DBA-82C2-93779B12E388}.Release|Any CPU.Build.0 = Release|Any CPU
		{614B374B-B614-4F4D-B330-3C2EDBF209B8}.Debug|Any CPU.ActiveCfg = Debug|Any CPU
		{614B374B-B614-4F4D-B330-3C2EDBF209B8}.Debug|Any CPU.Build.0 = Debug|Any CPU
		{614B374B-B614-4F4D-B330-3C2EDBF209B8}.Release|Any CPU.ActiveCfg = Release|Any CPU
		{614B374B-B614-4F4D-B330-3C2EDBF209B8}.Release|Any CPU.Build.0 = Release|Any CPU
		{627898BD-7B70-40E4-980B-CE371A3231E5}.Debug|Any CPU.ActiveCfg = Debug|Any CPU
		{627898BD-7B70-40E4-980B-CE371A3231E5}.Debug|Any CPU.Build.0 = Debug|Any CPU
		{627898BD-7B70-40E4-980B-CE371A3231E5}.Release|Any CPU.ActiveCfg = Release|Any CPU
		{627898BD-7B70-40E4-980B-CE371A3231E5}.Release|Any CPU.Build.0 = Release|Any CPU
		{F9B1976A-4D65-4066-AA14-6B562B4E3F7C}.Debug|Any CPU.ActiveCfg = Debug|Any CPU
		{F9B1976A-4D65-4066-AA14-6B562B4E3F7C}.Debug|Any CPU.Build.0 = Debug|Any CPU
		{F9B1976A-4D65-4066-AA14-6B562B4E3F7C}.Release|Any CPU.ActiveCfg = Release|Any CPU
		{F9B1976A-4D65-4066-AA14-6B562B4E3F7C}.Release|Any CPU.Build.0 = Release|Any CPU
		{5F32D4DB-C3CB-495C-85CE-47546251B4F7}.Debug|Any CPU.ActiveCfg = Debug|Any CPU
		{5F32D4DB-C3CB-495C-85CE-47546251B4F7}.Debug|Any CPU.Build.0 = Debug|Any CPU
		{5F32D4DB-C3CB-495C-85CE-47546251B4F7}.Release|Any CPU.ActiveCfg = Release|Any CPU
		{5F32D4DB-C3CB-495C-85CE-47546251B4F7}.Release|Any CPU.Build.0 = Release|Any CPU
		{4DAA61DA-1739-4CF5-B92C-7CB3787D1453}.Debug|Any CPU.ActiveCfg = Debug|Any CPU
		{4DAA61DA-1739-4CF5-B92C-7CB3787D1453}.Debug|Any CPU.Build.0 = Debug|Any CPU
		{4DAA61DA-1739-4CF5-B92C-7CB3787D1453}.Release|Any CPU.ActiveCfg = Release|Any CPU
		{4DAA61DA-1739-4CF5-B92C-7CB3787D1453}.Release|Any CPU.Build.0 = Release|Any CPU
		{06C98840-D237-46AD-8B99-60139D9C157E}.Debug|Any CPU.ActiveCfg = Debug|Any CPU
		{06C98840-D237-46AD-8B99-60139D9C157E}.Debug|Any CPU.Build.0 = Debug|Any CPU
		{06C98840-D237-46AD-8B99-60139D9C157E}.Release|Any CPU.ActiveCfg = Release|Any CPU
		{06C98840-D237-46AD-8B99-60139D9C157E}.Release|Any CPU.Build.0 = Release|Any CPU
		{E849B317-674A-4C28-99FF-2860F7CC726F}.Debug|Any CPU.ActiveCfg = Debug|Any CPU
		{E849B317-674A-4C28-99FF-2860F7CC726F}.Debug|Any CPU.Build.0 = Debug|Any CPU
		{E849B317-674A-4C28-99FF-2860F7CC726F}.Release|Any CPU.ActiveCfg = Release|Any CPU
		{E849B317-674A-4C28-99FF-2860F7CC726F}.Release|Any CPU.Build.0 = Release|Any CPU
		{BD62D546-7601-4857-9680-88A7DF6C9772}.Debug|Any CPU.ActiveCfg = Debug|Any CPU
		{BD62D546-7601-4857-9680-88A7DF6C9772}.Debug|Any CPU.Build.0 = Debug|Any CPU
		{BD62D546-7601-4857-9680-88A7DF6C9772}.Release|Any CPU.ActiveCfg = Release|Any CPU
		{BD62D546-7601-4857-9680-88A7DF6C9772}.Release|Any CPU.Build.0 = Release|Any CPU
		{1F6AA509-F5A4-4FF3-92E6-992D7D5CEFA0}.Debug|Any CPU.ActiveCfg = Debug|Any CPU
		{1F6AA509-F5A4-4FF3-92E6-992D7D5CEFA0}.Debug|Any CPU.Build.0 = Debug|Any CPU
		{1F6AA509-F5A4-4FF3-92E6-992D7D5CEFA0}.Release|Any CPU.ActiveCfg = Release|Any CPU
		{1F6AA509-F5A4-4FF3-92E6-992D7D5CEFA0}.Release|Any CPU.Build.0 = Release|Any CPU
	EndGlobalSection
	GlobalSection(SolutionProperties) = preSolution
		HideSolutionNode = FALSE
	EndGlobalSection
	GlobalSection(NestedProjects) = preSolution
		{D4C3FA0C-A0D5-44BC-B0AF-DA066D466772} = {26D97F1C-CD16-437F-8B3D-8A64B00FDBCF}
		{357A036C-5622-4821-B7C9-E90896319D4F} = {26D97F1C-CD16-437F-8B3D-8A64B00FDBCF}
		{BDEBF126-7B8A-45E6-BB8C-E3FD74E67A43} = {26D97F1C-CD16-437F-8B3D-8A64B00FDBCF}
		{1576B08D-E6F9-45FA-913C-CF26D8E4ADF9} = {26D97F1C-CD16-437F-8B3D-8A64B00FDBCF}
		{5F32D4DB-C3CB-495C-85CE-47546251B4F7} = {26D97F1C-CD16-437F-8B3D-8A64B00FDBCF}
		{4DAA61DA-1739-4CF5-B92C-7CB3787D1453} = {26D97F1C-CD16-437F-8B3D-8A64B00FDBCF}
		{06C98840-D237-46AD-8B99-60139D9C157E} = {26D97F1C-CD16-437F-8B3D-8A64B00FDBCF}
		{E849B317-674A-4C28-99FF-2860F7CC726F} = {26D97F1C-CD16-437F-8B3D-8A64B00FDBCF}
		{BD62D546-7601-4857-9680-88A7DF6C9772} = {26D97F1C-CD16-437F-8B3D-8A64B00FDBCF}
		{1F6AA509-F5A4-4FF3-92E6-992D7D5CEFA0} = {26D97F1C-CD16-437F-8B3D-8A64B00FDBCF}
	EndGlobalSection
EndGlobal
