
Microsoft Visual Studio Solution File, Format Version 12.00
# Visual Studio 14
VisualStudioVersion = 14.0.25420.1
MinimumVisualStudioVersion = 10.0.40219.1
Project("{FAE04EC0-301F-11D3-BF4B-00C04F79EFBC}") = "贪心算法", "贪心算法\贪心算法.csproj", "{1576B08D-E6F9-45FA-913C-CF26D8E4ADF9}"
EndProject
Project("{FAE04EC0-301F-11D3-BF4B-00C04F79EFBC}") = "活动选择问题", "活动选择问题\活动选择问题.csproj", "{5B19A3BD-4DA8-48DD-954A-B2B9D8C5C070}"
EndProject
Global
	GlobalSection(SolutionConfigurationPlatforms) = preSolution
		Debug|Any CPU = Debug|Any CPU
		Release|Any CPU = Release|Any CPU
	EndGlobalSection
	GlobalSection(ProjectConfigurationPlatforms) = postSolution
		{1576B08D-E6F9-45FA-913C-CF26D8E4ADF9}.Debug|Any CPU.ActiveCfg = Debug|Any CPU
		{1576B08D-E6F9-45FA-913C-CF26D8E4ADF9}.Debug|Any CPU.Build.0 = Debug|Any CPU
		{1576B08D-E6F9-45FA-913C-CF26D8E4ADF9}.Release|Any CPU.ActiveCfg = Release|Any CPU
		{1576B08D-E6F9-45FA-913C-CF26D8E4ADF9}.Release|Any CPU.Build.0 = Release|Any CPU
		{5B19A3BD-4DA8-48DD-954A-B2B9D8C5C070}.Debug|Any CPU.ActiveCfg = Debug|Any CPU
		{5B19A3BD-4DA8-48DD-954A-B2B9D8C5C070}.Debug|Any CPU.Build.0 = Debug|Any CPU
		{5B19A3BD-4DA8-48DD-954A-B2B9D8C5C070}.Release|Any CPU.ActiveCfg = Release|Any CPU
		{5B19A3BD-4DA8-48DD-954A-B2B9D8C5C070}.Release|Any CPU.Build.0 = Release|Any CPU
	EndGlobalSection
	GlobalSection(SolutionProperties) = preSolution
		HideSolutionNode = FALSE
	EndGlobalSection
EndGlobal
